
Microsoft Visual Studio Solution File, Format Version 12.00
# Visual Studio Version 16
VisualStudioVersion = 16.0.32106.194
MinimumVisualStudioVersion = 10.0.40219.1
Project("{FAE04EC0-301F-11D3-BF4B-00C04F79EFBC}") = "Lab 3 main", "Lab 3 main\Lab 3 main.csproj", "{DABB234A-24FB-429A-94BA-56871DEA7A1B}"
EndProject
Global
	GlobalSection(SolutionConfigurationPlatforms) = preSolution
		Debug|Any CPU = Debug|Any CPU
		Release|Any CPU = Release|Any CPU
	EndGlobalSection
	GlobalSection(ProjectConfigurationPlatforms) = postSolution
		{DABB234A-24FB-429A-94BA-56871DEA7A1B}.Debug|Any CPU.ActiveCfg = Debug|Any CPU
		{DABB234A-24FB-429A-94BA-56871DEA7A1B}.Debug|Any CPU.Build.0 = Debug|Any CPU
		{DABB234A-24FB-429A-94BA-56871DEA7A1B}.Release|Any CPU.ActiveCfg = Release|Any CPU
		{DABB234A-24FB-429A-94BA-56871DEA7A1B}.Release|Any CPU.Build.0 = Release|Any CPU
	EndGlobalSection
	GlobalSection(SolutionProperties) = preSolution
		HideSolutionNode = FALSE
	EndGlobalSection
	GlobalSection(ExtensibilityGlobals) = postSolution
		SolutionGuid = {0764023D-D87C-4D1F-B7AC-7B5D55263BF5}
	EndGlobalSection
EndGlobal
